
Microsoft Visual Studio Solution File, Format Version 12.00
# Visual Studio Version 16
VisualStudioVersion = 16.0.35026.282
MinimumVisualStudioVersion = 10.0.40219.1
Project("{FAE04EC0-301F-11D3-BF4B-00C04F79EFBC}") = "MW3 PatchOps", "MW3 PatchOps\MW3 PatchOps.csproj", "{7571B089-6245-4EED-9983-9561B93C6023}"
EndProject
Global
	GlobalSection(SolutionConfigurationPlatforms) = preSolution
		Debug|Any CPU = Debug|Any CPU
		Release|Any CPU = Release|Any CPU
	EndGlobalSection
	GlobalSection(ProjectConfigurationPlatforms) = postSolution
		{7571B089-6245-4EED-9983-9561B93C6023}.Debug|Any CPU.ActiveCfg = Debug|Any CPU
		{7571B089-6245-4EED-9983-9561B93C6023}.Debug|Any CPU.Build.0 = Debug|Any CPU
		{7571B089-6245-4EED-9983-9561B93C6023}.Release|Any CPU.ActiveCfg = Release|Any CPU
		{7571B089-6245-4EED-9983-9561B93C6023}.Release|Any CPU.Build.0 = Release|Any CPU
	EndGlobalSection
	GlobalSection(SolutionProperties) = preSolution
		HideSolutionNode = FALSE
	EndGlobalSection
	GlobalSection(ExtensibilityGlobals) = postSolution
		SolutionGuid = {75096EE7-0326-4516-9D46-B84406FE3A9A}
	EndGlobalSection
EndGlobal
